// !$*UTF8*$!
{
	archiveVersion = 1;
	classes = {
	};
	objectVersion = 46;
	objects = {

/* Begin PBXBuildFile section */
		A56EDAA11F14C73D002CD429 /* Model.swift in Sources */ = {isa = PBXBuildFile; fileRef = A56EDAA01F14C73D002CD429 /* Model.swift */; };
		A56EDAA61F14C907002CD429 /* ViewCellController.swift in Sources */ = {isa = PBXBuildFile; fileRef = A56EDAA51F14C907002CD429 /* ViewCellController.swift */; };
		A59F21931F14C2F900567167 /* AppDelegate.swift in Sources */ = {isa = PBXBuildFile; fileRef = A59F21921F14C2F900567167 /* AppDelegate.swift */; };
		A59F21951F14C2F900567167 /* ViewController.swift in Sources */ = {isa = PBXBuildFile; fileRef = A59F21941F14C2F900567167 /* ViewController.swift */; };
		A59F21981F14C2F900567167 /* Main.storyboard in Resources */ = {isa = PBXBuildFile; fileRef = A59F21961F14C2F900567167 /* Main.storyboard */; };
		A59F219A1F14C2F900567167 /* Assets.xcassets in Resources */ = {isa = PBXBuildFile; fileRef = A59F21991F14C2F900567167 /* Assets.xcassets */; };
		A59F219D1F14C2F900567167 /* LaunchScreen.storyboard in Resources */ = {isa = PBXBuildFile; fileRef = A59F219B1F14C2F900567167 /* LaunchScreen.storyboard */; };
/* End PBXBuildFile section */

/* Begin PBXFileReference section */
		A56EDAA01F14C73D002CD429 /* Model.swift */ = {isa = PBXFileReference; fileEncoding = 4; lastKnownFileType = sourcecode.swift; path = Model.swift; sourceTree = "<group>"; };
		A56EDAA51F14C907002CD429 /* ViewCellController.swift */ = {isa = PBXFileReference; fileEncoding = 4; lastKnownFileType = sourcecode.swift; path = ViewCellController.swift; sourceTree = "<group>"; };
		A59F218F1F14C2F900567167 /* LD1.app */ = {isa = PBXFileReference; explicitFileType = wrapper.application; includeInIndex = 0; path = LD1.app; sourceTree = BUILT_PRODUCTS_DIR; };
		A59F21921F14C2F900567167 /* AppDelegate.swift */ = {isa = PBXFileReference; lastKnownFileType = sourcecode.swift; path = AppDelegate.swift; sourceTree = "<group>"; };
		A59F21941F14C2F900567167 /* ViewController.swift */ = {isa = PBXFileReference; lastKnownFileType = sourcecode.swift; path = ViewController.swift; sourceTree = "<group>"; };
		A59F21971F14C2F900567167 /* Base */ = {isa = PBXFileReference; lastKnownFileType = file.storyboard; name = Base; path = Base.lproj/Main.storyboard; sourceTree = "<group>"; };
		A59F21991F14C2F900567167 /* Assets.xcassets */ = {isa = PBXFileReference; lastKnownFileType = folder.assetcatalog; path = Assets.xcassets; sourceTree = "<group>"; };
		A59F219C1F14C2F900567167 /* Base */ = {isa = PBXFileReference; lastKnownFileType = file.storyboard; name = Base; path = Base.lproj/LaunchScreen.storyboard; sourceTree = "<group>"; };
		A59F219E1F14C2F900567167 /* Info.plist */ = {isa = PBXFileReference; lastKnownFileType = text.plist.xml; path = Info.plist; sourceTree = "<group>"; };
/* End PBXFileReference section */

/* Begin PBXFrameworksBuildPhase section */
		A59F218C1F14C2F900567167 /* Frameworks */ = {
			isa = PBXFrameworksBuildPhase;
			buildActionMask = 2147483647;
			files = (
			);
			runOnlyForDeploymentPostprocessing = 0;
		};
/* End PBXFrameworksBuildPhase section */

/* Begin PBXGroup section */
		A56EDAA21F14C79E002CD429 /* Supporting Files */ = {
			isa = PBXGroup;
			children = (
				A59F21921F14C2F900567167 /* AppDelegate.swift */,
				A59F21991F14C2F900567167 /* Assets.xcassets */,
				A59F219B1F14C2F900567167 /* LaunchScreen.storyboard */,
				A59F219E1F14C2F900567167 /* Info.plist */,
			);
			name = "Supporting Files";
			sourceTree = "<group>";
		};
		A56EDAA31F14C7B2002CD429 /* Model */ = {
			isa = PBXGroup;
			children = (
				A56EDAA01F14C73D002CD429 /* Model.swift */,
			);
			name = Model;
			sourceTree = "<group>";
		};
		A56EDAA41F14C7BA002CD429 /* Controllers */ = {
			isa = PBXGroup;
			children = (
				A56EDAA51F14C907002CD429 /* ViewCellController.swift */,
				A59F21941F14C2F900567167 /* ViewController.swift */,
				A59F21961F14C2F900567167 /* Main.storyboard */,
			);
			name = Controllers;
			sourceTree = "<group>";
		};
		A59F21861F14C2F900567167 = {
			isa = PBXGroup;
			children = (
				A59F21911F14C2F900567167 /* LD1 */,
				A59F21901F14C2F900567167 /* Products */,
			);
			sourceTree = "<group>";
		};
		A59F21901F14C2F900567167 /* Products */ = {
			isa = PBXGroup;
			children = (
				A59F218F1F14C2F900567167 /* LD1.app */,
			);
			name = Products;
			sourceTree = "<group>";
		};
		A59F21911F14C2F900567167 /* LD1 */ = {
			isa = PBXGroup;
			children = (
				A56EDAA31F14C7B2002CD429 /* Model */,
				A56EDAA41F14C7BA002CD429 /* Controllers */,
				A56EDAA21F14C79E002CD429 /* Supporting Files */,
			);
			path = LD1;
			sourceTree = "<group>";
		};
/* End PBXGroup section */

/* Begin PBXNativeTarget section */
		A59F218E1F14C2F900567167 /* LD1 */ = {
			isa = PBXNativeTarget;
			buildConfigurationList = A59F21A11F14C2F900567167 /* Build configuration list for PBXNativeTarget "LD1" */;
			buildPhases = (
				A59F218B1F14C2F900567167 /* Sources */,
				A59F218C1F14C2F900567167 /* Frameworks */,
				A59F218D1F14C2F900567167 /* Resources */,
			);
			buildRules = (
			);
			dependencies = (
			);
			name = LD1;
			productName = LD1;
			productReference = A59F218F1F14C2F900567167 /* LD1.app */;
			productType = "com.apple.product-type.application";
		};
/* End PBXNativeTarget section */

/* Begin PBXProject section */
		A59F21871F14C2F900567167 /* Project object */ = {
			isa = PBXProject;
			attributes = {
				LastSwiftUpdateCheck = 0830;
				LastUpgradeCheck = 0830;
				ORGANIZATIONNAME = "yonghwankim's macbook";
				TargetAttributes = {
					A59F218E1F14C2F900567167 = {
						CreatedOnToolsVersion = 8.3.3;
						DevelopmentTeam = 2S2GLU99NP;
						ProvisioningStyle = Automatic;
					};
				};
			};
			buildConfigurationList = A59F218A1F14C2F900567167 /* Build configuration list for PBXProject "LD1" */;
			compatibilityVersion = "Xcode 3.2";
			developmentRegion = English;
			hasScannedForEncodings = 0;
			knownRegions = (
				en,
				Base,
			);
			mainGroup = A59F21861F14C2F900567167;
			productRefGroup = A59F21901F14C2F900567167 /* Products */;
			projectDirPath = "";
			projectRoot = "";
			targets = (
				A59F218E1F14C2F900567167 /* LD1 */,
			);
		};
/* End PBXProject section */

/* Begin PBXResourcesBuildPhase section */
		A59F218D1F14C2F900567167 /* Resources */ = {
			isa = PBXResourcesBuildPhase;
			buildActionMask = 2147483647;
			files = (
				A59F219D1F14C2F900567167 /* LaunchScreen.storyboard in Resources */,
				A59F219A1F14C2F900567167 /* Assets.xcassets in Resources */,
				A59F21981F14C2F900567167 /* Main.storyboard in Resources */,
			);
			runOnlyForDeploymentPostprocessing = 0;
		};
/* End PBXResourcesBuildPhase section */

/* Begin PBXSourcesBuildPhase section */
		A59F218B1F14C2F900567167 /* Sources */ = {
			isa = PBXSourcesBuildPhase;
			buildActionMask = 2147483647;
			files = (
				A56EDAA11F14C73D002CD429 /* Model.swift in Sources */,
				A59F21951F14C2F900567167 /* ViewController.swift in Sources */,
				A56EDAA61F14C907002CD429 /* ViewCellController.swift in Sources */,
				A59F21931F14C2F900567167 /* AppDelegate.swift in Sources */,
			);
			runOnlyForDeploymentPostprocessing = 0;
		};
/* End PBXSourcesBuildPhase section */

/* Begin PBXVariantGroup section */
		A59F21961F14C2F900567167 /* Main.storyboard */ = {
			isa = PBXVariantGroup;
			children = (
				A59F21971F14C2F900567167 /* Base */,
			);
			name = Main.storyboard;
			sourceTree = "<group>";
		};
		A59F219B1F14C2F900567167 /* LaunchScreen.storyboard */ = {
			isa = PBXVariantGroup;
			children = (
				A59F219C1F14C2F900567167 /* Base */,
			);
			name = LaunchScreen.storyboard;
			sourceTree = "<group>";
		};
/* End PBXVariantGroup section */

/* Begin XCBuildConfiguration section */
		A59F219F1F14C2F900567167 /* Debug */ = {
			isa = XCBuildConfiguration;
			buildSettings = {
				ALWAYS_SEARCH_USER_PATHS = NO;
				CLANG_ANALYZER_NONNULL = YES;
				CLANG_ANALYZER_NUMBER_OBJECT_CONVERSION = YES_AGGRESSIVE;
				CLANG_CXX_LANGUAGE_STANDARD = "gnu++0x";
				CLANG_CXX_LIBRARY = "libc++";
				CLANG_ENABLE_MODULES = YES;
				CLANG_ENABLE_OBJC_ARC = YES;
				CLANG_WARN_BOOL_CONVERSION = YES;
				CLANG_WARN_CONSTANT_CONVERSION = YES;
				CLANG_WARN_DIRECT_OBJC_ISA_USAGE = YES_ERROR;
				CLANG_WARN_DOCUMENTATION_COMMENTS = YES;
				CLANG_WARN_EMPTY_BODY = YES;
				CLANG_WARN_ENUM_CONVERSION = YES;
				CLANG_WARN_INFINITE_RECURSION = YES;
				CLANG_WARN_INT_CONVERSION = YES;
				CLANG_WARN_OBJC_ROOT_CLASS = YES_ERROR;
				CLANG_WARN_SUSPICIOUS_MOVE = YES;
				CLANG_WARN_UNREACHABLE_CODE = YES;
				CLANG_WARN__DUPLICATE_METHOD_MATCH = YES;
				"CODE_SIGN_IDENTITY[sdk=iphoneos*]" = "iPhone Developer";
				COPY_PHASE_STRIP = NO;
				DEBUG_INFORMATION_FORMAT = dwarf;
				ENABLE_STRICT_OBJC_MSGSEND = YES;
				ENABLE_TESTABILITY = YES;
				GCC_C_LANGUAGE_STANDARD = gnu99;
				GCC_DYNAMIC_NO_PIC = NO;
				GCC_NO_COMMON_BLOCKS = YES;
				GCC_OPTIMIZATION_LEVEL = 0;
				GCC_PREPROCESSOR_DEFINITIONS = (
					"DEBUG=1",
					"$(inherited)",
				);
				GCC_WARN_64_TO_32_BIT_CONVERSION = YES;
				GCC_WARN_ABOUT_RETURN_TYPE = YES_ERROR;
				GCC_WARN_UNDECLARED_SELECTOR = YES;
				GCC_WARN_UNINITIALIZED_AUTOS = YES_AGGRESSIVE;
				GCC_WARN_UNUSED_FUNCTION = YES;
				GCC_WARN_UNUSED_VARIABLE = YES;
				IPHONEOS_DEPLOYMENT_TARGET = 10.3;
				MTL_ENABLE_DEBUG_INFO = YES;
				ONLY_ACTIVE_ARCH = YES;
				SDKROOT = iphoneos;
				SWIFT_ACTIVE_COMPILATION_CONDITIONS = DEBUG;
				SWIFT_OPTIMIZATION_LEVEL = "-Onone";
			};
			name = Debug;
		};
		A59F21A01F14C2F900567167 /* Release */ = {
			isa = XCBuildConfiguration;
			buildSettings = {
				ALWAYS_SEARCH_USER_PATHS = NO;
				CLANG_ANALYZER_NONNULL = YES;
				CLANG_ANALYZER_NUMBER_OBJECT_CONVERSION = YES_AGGRESSIVE;
				CLANG_CXX_LANGUAGE_STANDARD = "gnu++0x";
				CLANG_CXX_LIBRARY = "libc++";
				CLANG_ENABLE_MODULES = YES;
				CLANG_ENABLE_OBJC_ARC = YES;
				CLANG_WARN_BOOL_CONVERSION = YES;
				CLANG_WARN_CONSTANT_CONVERSION = YES;
				CLANG_WARN_DIRECT_OBJC_ISA_USAGE = YES_ERROR;
				CLANG_WARN_DOCUMENTATION_COMMENTS = YES;
				CLANG_WARN_EMPTY_BODY = YES;
				CLANG_WARN_ENUM_CONVERSION = YES;
				CLANG_WARN_INFINITE_RECURSION = YES;
				CLANG_WARN_INT_CONVERSION = YES;
				CLANG_WARN_OBJC_ROOT_CLASS = YES_ERROR;
				CLANG_WARN_SUSPICIOUS_MOVE = YES;
				CLANG_WARN_UNREACHABLE_CODE = YES;
				CLANG_WARN__DUPLICATE_METHOD_MATCH = YES;
				"CODE_SIGN_IDENTITY[sdk=iphoneos*]" = "iPhone Developer";
				COPY_PHASE_STRIP = NO;
				DEBUG_INFORMATION_FORMAT = "dwarf-with-dsym";
				ENABLE_NS_ASSERTIONS = NO;
				ENABLE_STRICT_OBJC_MSGSEND = YES;
				GCC_C_LANGUAGE_STANDARD = gnu99;
				GCC_NO_COMMON_BLOCKS = YES;
				GCC_WARN_64_TO_32_BIT_CONVERSION = YES;
				GCC_WARN_ABOUT_RETURN_TYPE = YES_ERROR;
				GCC_WARN_UNDECLARED_SELECTOR = YES;
				GCC_WARN_UNINITIALIZED_AUTOS = YES_AGGRESSIVE;
				GCC_WARN_UNUSED_FUNCTION = YES;
				GCC_WARN_UNUSED_VARIABLE = YES;
				IPHONEOS_DEPLOYMENT_TARGET = 10.3;
				MTL_ENABLE_DEBUG_INFO = NO;
				SDKROOT = iphoneos;
				SWIFT_OPTIMIZATION_LEVEL = "-Owholemodule";
				VALIDATE_PRODUCT = YES;
			};
			name = Release;
		};
		A59F21A21F14C2F900567167 /* Debug */ = {
			isa = XCBuildConfiguration;
			buildSettings = {
				ASSETCATALOG_COMPILER_APPICON_NAME = AppIcon;
				DEVELOPMENT_TEAM = 2S2GLU99NP;
				INFOPLIST_FILE = LD1/Info.plist;
				IPHONEOS_DEPLOYMENT_TARGET = 9.0;
				LD_RUNPATH_SEARCH_PATHS = "$(inherited) @executable_path/Frameworks";
				PRODUCT_BUNDLE_IDENTIFIER = io.yonghwan.developer.LD1;
				PRODUCT_NAME = "$(TARGET_NAME)";
				SWIFT_VERSION = 3.0;
			};
			name = Debug;
		};
		A59F21A31F14C2F900567167 /* Release */ = {
			isa = XCBuildConfiguration;
			buildSettings = {
				ASSETCATALOG_COMPILER_APPICON_NAME = AppIcon;
				DEVELOPMENT_TEAM = 2S2GLU99NP;
				INFOPLIST_FILE = LD1/Info.plist;
				IPHONEOS_DEPLOYMENT_TARGET = 9.0;
				LD_RUNPATH_SEARCH_PATHS = "$(inherited) @executable_path/Frameworks";
				PRODUCT_BUNDLE_IDENTIFIER = io.yonghwan.developer.LD1;
				PRODUCT_NAME = "$(TARGET_NAME)";
				SWIFT_VERSION = 3.0;
			};
			name = Release;
		};
/* End XCBuildConfiguration section */

/* Begin XCConfigurationList section */
		A59F218A1F14C2F900567167 /* Build configuration list for PBXProject "LD1" */ = {
			isa = XCConfigurationList;
			buildConfigurations = (
				A59F219F1F14C2F900567167 /* Debug */,
				A59F21A01F14C2F900567167 /* Release */,
			);
			defaultConfigurationIsVisible = 0;
			defaultConfigurationName = Release;
		};
		A59F21A11F14C2F900567167 /* Build configuration list for PBXNativeTarget "LD1" */ = {
			isa = XCConfigurationList;
			buildConfigurations = (
				A59F21A21F14C2F900567167 /* Debug */,
				A59F21A31F14C2F900567167 /* Release */,
			);
			defaultConfigurationIsVisible = 0;
			defaultConfigurationName = Release;
		};
/* End XCConfigurationList section */
	};
	rootObject = A59F21871F14C2F900567167 /* Project object */;
}
